// !$*UTF8*$!
{
	archiveVersion = 1;
	classes = {
	};
	objectVersion = 77;
	objects = {

/* Begin PBXBuildFile section */
		04FEAD293E09FF31A5CF356A /* CorraldClient.swift in Sources */ = {isa = PBXBuildFile; fileRef = 44FA86DC0C83D2F4FF8AE707 /* CorraldClient.swift */; };
		07BCD4DDA01FCF6529B8CB0B /* DemoFleet.swift in Sources */ = {isa = PBXBuildFile; fileRef = CA101747C96FC7E0499AD652 /* DemoFleet.swift */; };
		13DBAFCB67403E977144984E /* DriveClient.swift in Sources */ = {isa = PBXBuildFile; fileRef = 77E397B25B007445181A67AA /* DriveClient.swift */; };
		21CE07E2350DAFAF99DDC395 /* Assets.xcassets in Resources */ = {isa = PBXBuildFile; fileRef = C9ADF5D60D93CC23C54718AE /* Assets.xcassets */; };
		2C40A2E48CCDFE13F28A3E84 /* FleetNotifierTests.swift in Sources */ = {isa = PBXBuildFile; fileRef = 28FFFBB41044D976415E89BF /* FleetNotifierTests.swift */; };
		2C5A149214EB19A432A65B7B /* FleetViews.swift in Sources */ = {isa = PBXBuildFile; fileRef = 8439EED775F825EE1DE8EAC3 /* FleetViews.swift */; };
		2DD53F53A68D569106692E27 /* AppModel.swift in Sources */ = {isa = PBXBuildFile; fileRef = C07EBB7872D62A8E042D4DB1 /* AppModel.swift */; };
		3DB0D4E85BE2653D28D180DF /* Biometrics.swift in Sources */ = {isa = PBXBuildFile; fileRef = AC7C4F4D9245391F122670D6 /* Biometrics.swift */; };
		51C62A6BD448EC1B61EB78E6 /* LiveVerifyRunner.swift in Sources */ = {isa = PBXBuildFile; fileRef = ADDB3D0089119DBD19AC4FA0 /* LiveVerifyRunner.swift */; };
		556B0AA75AA13EF1DDF99AF0 /* Models.swift in Sources */ = {isa = PBXBuildFile; fileRef = 6B21EE35CCFE7F224BFA95B8 /* Models.swift */; };
		60D0DBCBF9FDFE7E67559229 /* TerminalAttach.swift in Sources */ = {isa = PBXBuildFile; fileRef = BFBB50305AE722F644101BD1 /* TerminalAttach.swift */; };
		695F86362C9F62AA692D3671 /* FleetNotifierApp.swift in Sources */ = {isa = PBXBuildFile; fileRef = 0B51578ED349E70B121FA432 /* FleetNotifierApp.swift */; };
		854FAF877CEE7F17E21AFBE7 /* AppDelegate.swift in Sources */ = {isa = PBXBuildFile; fileRef = C0C20FA082A4EB189EDC30F9 /* AppDelegate.swift */; };
		8A8D27B992E86AA6BF6A2D61 /* RecentOutputModel.swift in Sources */ = {isa = PBXBuildFile; fileRef = F933E32D259974E2C207BA96 /* RecentOutputModel.swift */; };
		925B3FC0D4179A1672C6D5AA /* SSEParser.swift in Sources */ = {isa = PBXBuildFile; fileRef = 8D352A1E84318BD30D5AF512 /* SSEParser.swift */; };
		AABFBD4F273B58A05D62B845 /* BoardFilter.swift in Sources */ = {isa = PBXBuildFile; fileRef = 35016480CFCFA37666B61976 /* BoardFilter.swift */; };
		B7984BA77A26919C41AAA822 /* DeviceKeyStore.swift in Sources */ = {isa = PBXBuildFile; fileRef = 4B067A4097474D65BC031C32 /* DeviceKeyStore.swift */; };
		C0DE384BE4B4265BEB4C1808 /* StateStyleTests.swift in Sources */ = {isa = PBXBuildFile; fileRef = D48969B39CAC1EDAC289B97C /* StateStyleTests.swift */; };
		C886615F9AD8FA9BF1D80944 /* DestructivePatterns.swift in Sources */ = {isa = PBXBuildFile; fileRef = A7525E50B2EA265D916620A5 /* DestructivePatterns.swift */; };
		E0F3758F2A7AE656DACBC57A /* StateStyle.swift in Sources */ = {isa = PBXBuildFile; fileRef = 5544FDC9B954FE32A7275A43 /* StateStyle.swift */; };
		E8666FA8221C7D1DFBC5A192 /* LocalNotifier.swift in Sources */ = {isa = PBXBuildFile; fileRef = F6CE363C959DE49C12B69596 /* LocalNotifier.swift */; };
		E8914363F8A3C1658F96CA3F /* PushPayload.swift in Sources */ = {isa = PBXBuildFile; fileRef = AA1B824D203FC54632815108 /* PushPayload.swift */; };
		EE1946637720786C9E6E45A5 /* BoardModel.swift in Sources */ = {isa = PBXBuildFile; fileRef = B8277522F2489E093BC28309 /* BoardModel.swift */; };
		EF3EC8BE7904D4B3B6E47091 /* TimeInState.swift in Sources */ = {isa = PBXBuildFile; fileRef = 49D01A23F02B422A1C580729 /* TimeInState.swift */; };
		F29B7576B01D8F83FCF49CE4 /* CanonicalJSON.swift in Sources */ = {isa = PBXBuildFile; fileRef = D3F69E69DEE5BCC3A5CBDC5E /* CanonicalJSON.swift */; };
		F633BB49ACEC0A2CB69B3B35 /* FleetStore.swift in Sources */ = {isa = PBXBuildFile; fileRef = 0642A04325429AB1072D2ADB /* FleetStore.swift */; };
		FA1BAE19716486D11C0262C3 /* canonical_stream_golden.json in Resources */ = {isa = PBXBuildFile; fileRef = 0CDB055DC7E31FFACFC9FA24 /* canonical_stream_golden.json */; };
/* End PBXBuildFile section */

/* Begin PBXContainerItemProxy section */
		403EF73F6A4E4DDF05BB514D /* PBXContainerItemProxy */ = {
			isa = PBXContainerItemProxy;
			containerPortal = 32FDEBCD6A0858FFC02D5E44 /* Project object */;
			proxyType = 1;
			remoteGlobalIDString = A31F86A1A65C19815A6F3D0D;
			remoteInfo = FleetNotifier;
		};
/* End PBXContainerItemProxy section */

/* Begin PBXFileReference section */
		0642A04325429AB1072D2ADB /* FleetStore.swift */ = {isa = PBXFileReference; lastKnownFileType = sourcecode.swift; path = FleetStore.swift; sourceTree = "<group>"; };
		0B51578ED349E70B121FA432 /* FleetNotifierApp.swift */ = {isa = PBXFileReference; lastKnownFileType = sourcecode.swift; path = FleetNotifierApp.swift; sourceTree = "<group>"; };
		0C6D9CFBBF9EDC1179F7E4D4 /* FleetNotifierTests.xctest */ = {isa = PBXFileReference; includeInIndex = 0; lastKnownFileType = wrapper.cfbundle; path = FleetNotifierTests.xctest; sourceTree = BUILT_PRODUCTS_DIR; };
		0CDB055DC7E31FFACFC9FA24 /* canonical_stream_golden.json */ = {isa = PBXFileReference; lastKnownFileType = text.json; path = canonical_stream_golden.json; sourceTree = "<group>"; };
		28FFFBB41044D976415E89BF /* FleetNotifierTests.swift */ = {isa = PBXFileReference; lastKnownFileType = sourcecode.swift; path = FleetNotifierTests.swift; sourceTree = "<group>"; };
		35016480CFCFA37666B61976 /* BoardFilter.swift */ = {isa = PBXFileReference; lastKnownFileType = sourcecode.swift; path = BoardFilter.swift; sourceTree = "<group>"; };
		44FA86DC0C83D2F4FF8AE707 /* CorraldClient.swift */ = {isa = PBXFileReference; lastKnownFileType = sourcecode.swift; path = CorraldClient.swift; sourceTree = "<group>"; };
		49D01A23F02B422A1C580729 /* TimeInState.swift */ = {isa = PBXFileReference; lastKnownFileType = sourcecode.swift; path = TimeInState.swift; sourceTree = "<group>"; };
		4B067A4097474D65BC031C32 /* DeviceKeyStore.swift */ = {isa = PBXFileReference; lastKnownFileType = sourcecode.swift; path = DeviceKeyStore.swift; sourceTree = "<group>"; };
		5544FDC9B954FE32A7275A43 /* StateStyle.swift */ = {isa = PBXFileReference; lastKnownFileType = sourcecode.swift; path = StateStyle.swift; sourceTree = "<group>"; };
		5BE93BE3E43A856F09154FE7 /* Info.plist */ = {isa = PBXFileReference; lastKnownFileType = text.plist; path = Info.plist; sourceTree = "<group>"; };
		6B21EE35CCFE7F224BFA95B8 /* Models.swift */ = {isa = PBXFileReference; lastKnownFileType = sourcecode.swift; path = Models.swift; sourceTree = "<group>"; };
		77E397B25B007445181A67AA /* DriveClient.swift */ = {isa = PBXFileReference; lastKnownFileType = sourcecode.swift; path = DriveClient.swift; sourceTree = "<group>"; };
		8439EED775F825EE1DE8EAC3 /* FleetViews.swift */ = {isa = PBXFileReference; lastKnownFileType = sourcecode.swift; path = FleetViews.swift; sourceTree = "<group>"; };
		8D352A1E84318BD30D5AF512 /* SSEParser.swift */ = {isa = PBXFileReference; lastKnownFileType = sourcecode.swift; path = SSEParser.swift; sourceTree = "<group>"; };
		A7525E50B2EA265D916620A5 /* DestructivePatterns.swift */ = {isa = PBXFileReference; lastKnownFileType = sourcecode.swift; path = DestructivePatterns.swift; sourceTree = "<group>"; };
		AA1B824D203FC54632815108 /* PushPayload.swift */ = {isa = PBXFileReference; lastKnownFileType = sourcecode.swift; path = PushPayload.swift; sourceTree = "<group>"; };
		AC7C4F4D9245391F122670D6 /* Biometrics.swift */ = {isa = PBXFileReference; lastKnownFileType = sourcecode.swift; path = Biometrics.swift; sourceTree = "<group>"; };
		ADDB3D0089119DBD19AC4FA0 /* LiveVerifyRunner.swift */ = {isa = PBXFileReference; lastKnownFileType = sourcecode.swift; path = LiveVerifyRunner.swift; sourceTree = "<group>"; };
		B8277522F2489E093BC28309 /* BoardModel.swift */ = {isa = PBXFileReference; lastKnownFileType = sourcecode.swift; path = BoardModel.swift; sourceTree = "<group>"; };
		BFBB50305AE722F644101BD1 /* TerminalAttach.swift */ = {isa = PBXFileReference; lastKnownFileType = sourcecode.swift; path = TerminalAttach.swift; sourceTree = "<group>"; };
		C07EBB7872D62A8E042D4DB1 /* AppModel.swift */ = {isa = PBXFileReference; lastKnownFileType = sourcecode.swift; path = AppModel.swift; sourceTree = "<group>"; };
		C0C20FA082A4EB189EDC30F9 /* AppDelegate.swift */ = {isa = PBXFileReference; lastKnownFileType = sourcecode.swift; path = AppDelegate.swift; sourceTree = "<group>"; };
		C4857B5F4535FFC7B0AA0F5D /* FleetNotifier.app */ = {isa = PBXFileReference; includeInIndex = 0; lastKnownFileType = wrapper.application; path = FleetNotifier.app; sourceTree = BUILT_PRODUCTS_DIR; };
		C9ADF5D60D93CC23C54718AE /* Assets.xcassets */ = {isa = PBXFileReference; lastKnownFileType = folder.assetcatalog; path = Assets.xcassets; sourceTree = "<group>"; };
		CA101747C96FC7E0499AD652 /* DemoFleet.swift */ = {isa = PBXFileReference; lastKnownFileType = sourcecode.swift; path = DemoFleet.swift; sourceTree = "<group>"; };
		D3F69E69DEE5BCC3A5CBDC5E /* CanonicalJSON.swift */ = {isa = PBXFileReference; lastKnownFileType = sourcecode.swift; path = CanonicalJSON.swift; sourceTree = "<group>"; };
		D48969B39CAC1EDAC289B97C /* StateStyleTests.swift */ = {isa = PBXFileReference; lastKnownFileType = sourcecode.swift; path = StateStyleTests.swift; sourceTree = "<group>"; };
		F6CE363C959DE49C12B69596 /* LocalNotifier.swift */ = {isa = PBXFileReference; lastKnownFileType = sourcecode.swift; path = LocalNotifier.swift; sourceTree = "<group>"; };
		F933E32D259974E2C207BA96 /* RecentOutputModel.swift */ = {isa = PBXFileReference; lastKnownFileType = sourcecode.swift; path = RecentOutputModel.swift; sourceTree = "<group>"; };
/* End PBXFileReference section */

/* Begin PBXGroup section */
		115A5618C4FB65C2FD1CAEDE /* Notifications */ = {
			isa = PBXGroup;
			children = (
				C0C20FA082A4EB189EDC30F9 /* AppDelegate.swift */,
				F6CE363C959DE49C12B69596 /* LocalNotifier.swift */,
				AA1B824D203FC54632815108 /* PushPayload.swift */,
			);
			path = Notifications;
			sourceTree = "<group>";
		};
		19046018A86CD11555F070AF /* FleetNotifierTests */ = {
			isa = PBXGroup;
			children = (
				28FFFBB41044D976415E89BF /* FleetNotifierTests.swift */,
				D48969B39CAC1EDAC289B97C /* StateStyleTests.swift */,
			);
			path = FleetNotifierTests;
			sourceTree = "<group>";
		};
		1E992DB4A3E79C63FDC07779 = {
			isa = PBXGroup;
			children = (
				7D8334B18E7321E5C5F850E4 /* FleetNotifier */,
				19046018A86CD11555F070AF /* FleetNotifierTests */,
				3F2EAA60176DA4D0B7525984 /* g316-context-split-v3 */,
				ACC02147A1A8360BA16C8448 /* Products */,
			);
			sourceTree = "<group>";
		};
		344952870B29AC48E1D31AA7 /* UI */ = {
			isa = PBXGroup;
			children = (
				35016480CFCFA37666B61976 /* BoardFilter.swift */,
				B8277522F2489E093BC28309 /* BoardModel.swift */,
				8439EED775F825EE1DE8EAC3 /* FleetViews.swift */,
				F933E32D259974E2C207BA96 /* RecentOutputModel.swift */,
				5544FDC9B954FE32A7275A43 /* StateStyle.swift */,
				BFBB50305AE722F644101BD1 /* TerminalAttach.swift */,
				49D01A23F02B422A1C580729 /* TimeInState.swift */,
			);
			path = UI;
			sourceTree = "<group>";
		};
		3F2EAA60176DA4D0B7525984 /* g316-context-split-v3 */ = {
			isa = PBXGroup;
			children = (
				4BF2D197F10634F6AD421564 /* tests */,
			);
			name = "g316-context-split-v3";
			path = ..;
			sourceTree = "<group>";
		};
		3FDDF36D414905797E00EC32 /* Security */ = {
			isa = PBXGroup;
			children = (
				AC7C4F4D9245391F122670D6 /* Biometrics.swift */,
			);
			path = Security;
			sourceTree = "<group>";
		};
		42D9122CF9A1F7AB4BBF3673 /* Keychain */ = {
			isa = PBXGroup;
			children = (
				4B067A4097474D65BC031C32 /* DeviceKeyStore.swift */,
			);
			path = Keychain;
			sourceTree = "<group>";
		};
		4BF2D197F10634F6AD421564 /* tests */ = {
			isa = PBXGroup;
			children = (
				BE0911D7B3C9068FADED6B40 /* fixtures */,
			);
			path = tests;
			sourceTree = "<group>";
		};
		4C7DC3E32D4C26F50DC72391 /* Demo */ = {
			isa = PBXGroup;
			children = (
				CA101747C96FC7E0499AD652 /* DemoFleet.swift */,
			);
			path = Demo;
			sourceTree = "<group>";
		};
		50AD8701D99DB633BDBE08F6 /* Network */ = {
			isa = PBXGroup;
			children = (
				44FA86DC0C83D2F4FF8AE707 /* CorraldClient.swift */,
				8D352A1E84318BD30D5AF512 /* SSEParser.swift */,
			);
			path = Network;
			sourceTree = "<group>";
		};
		7D8334B18E7321E5C5F850E4 /* FleetNotifier */ = {
			isa = PBXGroup;
			children = (
				CF35AEB40B79DC89AF74D2C9 /* App */,
				4C7DC3E32D4C26F50DC72391 /* Demo */,
				42D9122CF9A1F7AB4BBF3673 /* Keychain */,
				D30E3125BAEE99E61A31D888 /* Models */,
				50AD8701D99DB633BDBE08F6 /* Network */,
				115A5618C4FB65C2FD1CAEDE /* Notifications */,
				3FDDF36D414905797E00EC32 /* Security */,
				344952870B29AC48E1D31AA7 /* UI */,
				C20D3428EE20D1FB4CA7B751 /* Wire */,
				C9ADF5D60D93CC23C54718AE /* Assets.xcassets */,
				5BE93BE3E43A856F09154FE7 /* Info.plist */,
			);
			path = FleetNotifier;
			sourceTree = "<group>";
		};
		ACC02147A1A8360BA16C8448 /* Products */ = {
			isa = PBXGroup;
			children = (
				C4857B5F4535FFC7B0AA0F5D /* FleetNotifier.app */,
				0C6D9CFBBF9EDC1179F7E4D4 /* FleetNotifierTests.xctest */,
			);
			name = Products;
			sourceTree = "<group>";
		};
		BE0911D7B3C9068FADED6B40 /* fixtures */ = {
			isa = PBXGroup;
			children = (
				0CDB055DC7E31FFACFC9FA24 /* canonical_stream_golden.json */,
			);
			path = fixtures;
			sourceTree = "<group>";
		};
		C20D3428EE20D1FB4CA7B751 /* Wire */ = {
			isa = PBXGroup;
			children = (
				D3F69E69DEE5BCC3A5CBDC5E /* CanonicalJSON.swift */,
				A7525E50B2EA265D916620A5 /* DestructivePatterns.swift */,
				77E397B25B007445181A67AA /* DriveClient.swift */,
			);
			path = Wire;
			sourceTree = "<group>";
		};
		CF35AEB40B79DC89AF74D2C9 /* App */ = {
			isa = PBXGroup;
			children = (
				C07EBB7872D62A8E042D4DB1 /* AppModel.swift */,
				0B51578ED349E70B121FA432 /* FleetNotifierApp.swift */,
				0642A04325429AB1072D2ADB /* FleetStore.swift */,
				ADDB3D0089119DBD19AC4FA0 /* LiveVerifyRunner.swift */,
			);
			path = App;
			sourceTree = "<group>";
		};
		D30E3125BAEE99E61A31D888 /* Models */ = {
			isa = PBXGroup;
			children = (
				6B21EE35CCFE7F224BFA95B8 /* Models.swift */,
			);
			path = Models;
			sourceTree = "<group>";
		};
/* End PBXGroup section */

/* Begin PBXNativeTarget section */
		47E0D125C909FE62D70E47E6 /* FleetNotifierTests */ = {
			isa = PBXNativeTarget;
			buildConfigurationList = F65A5933BF9ECD17FFF304B5 /* Build configuration list for PBXNativeTarget "FleetNotifierTests" */;
			buildPhases = (
				CD07E81D7D06EFC41C0B9D7D /* Sources */,
				C4342336193F6893893C8C61 /* Resources */,
			);
			buildRules = (
			);
			dependencies = (
				5900AE4A3B0A427E0D8E3F75 /* PBXTargetDependency */,
			);
			name = FleetNotifierTests;
			packageProductDependencies = (
			);
			productName = FleetNotifierTests;
			productReference = 0C6D9CFBBF9EDC1179F7E4D4 /* FleetNotifierTests.xctest */;
			productType = "com.apple.product-type.bundle.unit-test";
		};
		A31F86A1A65C19815A6F3D0D /* FleetNotifier */ = {
			isa = PBXNativeTarget;
			buildConfigurationList = 336005E97AE4AE2F281CFEF9 /* Build configuration list for PBXNativeTarget "FleetNotifier" */;
			buildPhases = (
				F6207AF155842583C8143257 /* Embed Release source digest */,
				B70BB7CACB156FBC2A502268 /* Sources */,
				75E7343EE79DBDCE0E0EEA25 /* Resources */,
			);
			buildRules = (
			);
			dependencies = (
			);
			name = FleetNotifier;
			packageProductDependencies = (
			);
			productName = FleetNotifier;
			productReference = C4857B5F4535FFC7B0AA0F5D /* FleetNotifier.app */;
			productType = "com.apple.product-type.application";
		};
/* End PBXNativeTarget section */

/* Begin PBXProject section */
		32FDEBCD6A0858FFC02D5E44 /* Project object */ = {
			isa = PBXProject;
			attributes = {
				BuildIndependentTargetsInParallel = YES;
				LastUpgradeCheck = 1430;
				TargetAttributes = {
					47E0D125C909FE62D70E47E6 = {
						DevelopmentTeam = 9244PWFYD7;
						ProvisioningStyle = Automatic;
					};
					A31F86A1A65C19815A6F3D0D = {
						DevelopmentTeam = 9244PWFYD7;
						ProvisioningStyle = Automatic;
					};
				};
			};
			buildConfigurationList = 2EC28EE12DF4C35F31AD80D4 /* Build configuration list for PBXProject "FleetNotifier" */;
			developmentRegion = en;
			hasScannedForEncodings = 0;
			knownRegions = (
				Base,
				en,
			);
			mainGroup = 1E992DB4A3E79C63FDC07779;
			minimizedProjectReferenceProxies = 1;
			preferredProjectObjectVersion = 77;
			productRefGroup = ACC02147A1A8360BA16C8448 /* Products */;
			projectDirPath = "";
			projectRoot = "";
			targets = (
				A31F86A1A65C19815A6F3D0D /* FleetNotifier */,
				47E0D125C909FE62D70E47E6 /* FleetNotifierTests */,
			);
		};
/* End PBXProject section */

/* Begin PBXResourcesBuildPhase section */
		75E7343EE79DBDCE0E0EEA25 /* Resources */ = {
			isa = PBXResourcesBuildPhase;
			buildActionMask = 2147483647;
			files = (
				21CE07E2350DAFAF99DDC395 /* Assets.xcassets in Resources */,
			);
			runOnlyForDeploymentPostprocessing = 0;
		};
		C4342336193F6893893C8C61 /* Resources */ = {
			isa = PBXResourcesBuildPhase;
			buildActionMask = 2147483647;
			files = (
				FA1BAE19716486D11C0262C3 /* canonical_stream_golden.json in Resources */,
			);
			runOnlyForDeploymentPostprocessing = 0;
		};
/* End PBXResourcesBuildPhase section */

/* Begin PBXShellScriptBuildPhase section */
		F6207AF155842583C8143257 /* Embed Release source digest */ = {
			isa = PBXShellScriptBuildPhase;
			alwaysOutOfDate = 1;
			buildActionMask = 2147483647;
			files = (
			);
			inputFileListPaths = (
			);
			inputPaths = (
				"$(SRCROOT)/FleetNotifier/App/AppModel.swift",
				"$(SRCROOT)/FleetNotifier/App/FleetNotifierApp.swift",
				"$(SRCROOT)/FleetNotifier/App/FleetStore.swift",
				"$(SRCROOT)/FleetNotifier/App/LiveVerifyRunner.swift",
				"$(SRCROOT)/FleetNotifier/Demo/DemoFleet.swift",
				"$(SRCROOT)/FleetNotifier/Keychain/DeviceKeyStore.swift",
				"$(SRCROOT)/FleetNotifier/Models/Models.swift",
				"$(SRCROOT)/FleetNotifier/Network/CorraldClient.swift",
				"$(SRCROOT)/FleetNotifier/Network/SSEParser.swift",
				"$(SRCROOT)/FleetNotifier/Notifications/AppDelegate.swift",
				"$(SRCROOT)/FleetNotifier/Notifications/LocalNotifier.swift",
				"$(SRCROOT)/FleetNotifier/Notifications/PushPayload.swift",
				"$(SRCROOT)/FleetNotifier/Security/Biometrics.swift",
				"$(SRCROOT)/FleetNotifier/UI/BoardFilter.swift",
				"$(SRCROOT)/FleetNotifier/UI/BoardModel.swift",
				"$(SRCROOT)/FleetNotifier/UI/FleetViews.swift",
				"$(SRCROOT)/FleetNotifier/UI/TerminalAttach.swift",
				"$(SRCROOT)/FleetNotifier/UI/RecentOutputModel.swift",
				"$(SRCROOT)/FleetNotifier/UI/StateStyle.swift",
				"$(SRCROOT)/FleetNotifier/UI/TimeInState.swift",
				"$(SRCROOT)/FleetNotifier/Wire/CanonicalJSON.swift",
				"$(SRCROOT)/FleetNotifier/Wire/DestructivePatterns.swift",
				"$(SRCROOT)/FleetNotifier/Wire/DriveClient.swift",
				"$(SRCROOT)/embed-release-source-digest.py",
				"$(SRCROOT)/release_source_manifest.py",
			);
			name = "Embed Release source digest";
			outputFileListPaths = (
			);
			outputPaths = (
				"$(DERIVED_FILE_DIR)/corral-release-source-digest",
			);
			runOnlyForDeploymentPostprocessing = 0;
			shellPath = /bin/sh;
			shellScript = "if [ \"$CONFIGURATION\" = \"Release\" ]; then\n  python3 \"$SRCROOT/embed-release-source-digest.py\" \\\n    --source-root \"$SRCROOT/..\" \\\n    --output \"$DERIVED_FILE_DIR/corral-release-source-digest\"\nfi\n";
		};
/* End PBXShellScriptBuildPhase section */

/* Begin PBXSourcesBuildPhase section */
		B70BB7CACB156FBC2A502268 /* Sources */ = {
			isa = PBXSourcesBuildPhase;
			buildActionMask = 2147483647;
			files = (
				854FAF877CEE7F17E21AFBE7 /* AppDelegate.swift in Sources */,
				2DD53F53A68D569106692E27 /* AppModel.swift in Sources */,
				3DB0D4E85BE2653D28D180DF /* Biometrics.swift in Sources */,
				AABFBD4F273B58A05D62B845 /* BoardFilter.swift in Sources */,
				EE1946637720786C9E6E45A5 /* BoardModel.swift in Sources */,
				F29B7576B01D8F83FCF49CE4 /* CanonicalJSON.swift in Sources */,
				04FEAD293E09FF31A5CF356A /* CorraldClient.swift in Sources */,
				07BCD4DDA01FCF6529B8CB0B /* DemoFleet.swift in Sources */,
				C886615F9AD8FA9BF1D80944 /* DestructivePatterns.swift in Sources */,
				B7984BA77A26919C41AAA822 /* DeviceKeyStore.swift in Sources */,
				13DBAFCB67403E977144984E /* DriveClient.swift in Sources */,
				695F86362C9F62AA692D3671 /* FleetNotifierApp.swift in Sources */,
				F633BB49ACEC0A2CB69B3B35 /* FleetStore.swift in Sources */,
				2C5A149214EB19A432A65B7B /* FleetViews.swift in Sources */,
				51C62A6BD448EC1B61EB78E6 /* LiveVerifyRunner.swift in Sources */,
				E8666FA8221C7D1DFBC5A192 /* LocalNotifier.swift in Sources */,
				556B0AA75AA13EF1DDF99AF0 /* Models.swift in Sources */,
				E8914363F8A3C1658F96CA3F /* PushPayload.swift in Sources */,
				8A8D27B992E86AA6BF6A2D61 /* RecentOutputModel.swift in Sources */,
				925B3FC0D4179A1672C6D5AA /* SSEParser.swift in Sources */,
				E0F3758F2A7AE656DACBC57A /* StateStyle.swift in Sources */,
				60D0DBCBF9FDFE7E67559229 /* TerminalAttach.swift in Sources */,
				EF3EC8BE7904D4B3B6E47091 /* TimeInState.swift in Sources */,
			);
			runOnlyForDeploymentPostprocessing = 0;
		};
		CD07E81D7D06EFC41C0B9D7D /* Sources */ = {
			isa = PBXSourcesBuildPhase;
			buildActionMask = 2147483647;
			files = (
				2C40A2E48CCDFE13F28A3E84 /* FleetNotifierTests.swift in Sources */,
				C0DE384BE4B4265BEB4C1808 /* StateStyleTests.swift in Sources */,
			);
			runOnlyForDeploymentPostprocessing = 0;
		};
/* End PBXSourcesBuildPhase section */

/* Begin PBXTargetDependency section */
		5900AE4A3B0A427E0D8E3F75 /* PBXTargetDependency */ = {
			isa = PBXTargetDependency;
			target = A31F86A1A65C19815A6F3D0D /* FleetNotifier */;
			targetProxy = 403EF73F6A4E4DDF05BB514D /* PBXContainerItemProxy */;
		};
/* End PBXTargetDependency section */

/* Begin XCBuildConfiguration section */
		171D10CE366787221C85C545 /* Debug */ = {
			isa = XCBuildConfiguration;
			buildSettings = {
				BUNDLE_LOADER = "$(TEST_HOST)";
				GENERATE_INFOPLIST_FILE = YES;
				LD_RUNPATH_SEARCH_PATHS = (
					"$(inherited)",
					"@executable_path/Frameworks",
					"@loader_path/Frameworks",
				);
				PRODUCT_BUNDLE_IDENTIFIER = com.corral.fleetnotifier.tests;
				SDKROOT = iphoneos;
				TARGETED_DEVICE_FAMILY = "1,2";
				TEST_HOST = "$(BUILT_PRODUCTS_DIR)/FleetNotifier.app/FleetNotifier";
			};
			name = Debug;
		};
		38A5E46A8C2B5C9A145F271E /* Debug */ = {
			isa = XCBuildConfiguration;
			buildSettings = {
				ASSETCATALOG_COMPILER_APPICON_NAME = AppIcon;
				ASSETCATALOG_COMPILER_GENERATE_ASSET_SYMBOLS = YES;
				CODE_SIGN_IDENTITY = "iPhone Developer";
				INFOPLIST_FILE = FleetNotifier/Info.plist;
				LD_RUNPATH_SEARCH_PATHS = (
					"$(inherited)",
					"@executable_path/Frameworks",
				);
				PRODUCT_BUNDLE_IDENTIFIER = com.corral.fleetnotifier;
				PRODUCT_NAME = FleetNotifier;
				SDKROOT = iphoneos;
				TARGETED_DEVICE_FAMILY = "1,2";
			};
			name = Debug;
		};
		7F3AD32ECE65F2E00367288E /* Release */ = {
			isa = XCBuildConfiguration;
			buildSettings = {
				ASSETCATALOG_COMPILER_APPICON_NAME = AppIcon;
				ASSETCATALOG_COMPILER_GENERATE_ASSET_SYMBOLS = YES;
				CODE_SIGN_IDENTITY = "iPhone Developer";
				INFOPLIST_FILE = FleetNotifier/Info.plist;
				LD_RUNPATH_SEARCH_PATHS = (
					"$(inherited)",
					"@executable_path/Frameworks",
				);
				OTHER_LDFLAGS = (
					"-Xlinker",
					"-sectcreate",
					"-Xlinker",
					__CORRAL,
					"-Xlinker",
					__source_digest,
					"-Xlinker",
					"$(DERIVED_FILE_DIR)/corral-release-source-digest",
				);
				PRODUCT_BUNDLE_IDENTIFIER = com.corral.fleetnotifier;
				PRODUCT_NAME = FleetNotifier;
				SDKROOT = iphoneos;
				TARGETED_DEVICE_FAMILY = "1,2";
			};
			name = Release;
		};
		AAC4264F754707221B0B4667 /* Release */ = {
			isa = XCBuildConfiguration;
			buildSettings = {
				ALWAYS_SEARCH_USER_PATHS = NO;
				CLANG_ANALYZER_NONNULL = YES;
				CLANG_ANALYZER_NUMBER_OBJECT_CONVERSION = YES_AGGRESSIVE;
				CLANG_CXX_LANGUAGE_STANDARD = "gnu++14";
				CLANG_CXX_LIBRARY = "libc++";
				CLANG_ENABLE_MODULES = YES;
				CLANG_ENABLE_OBJC_ARC = YES;
				CLANG_ENABLE_OBJC_WEAK = YES;
				CLANG_WARN_BLOCK_CAPTURE_AUTORELEASING = YES;
				CLANG_WARN_BOOL_CONVERSION = YES;
				CLANG_WARN_COMMA = YES;
				CLANG_WARN_CONSTANT_CONVERSION = YES;
				CLANG_WARN_DEPRECATED_OBJC_IMPLEMENTATIONS = YES;
				CLANG_WARN_DIRECT_OBJC_ISA_USAGE = YES_ERROR;
				CLANG_WARN_DOCUMENTATION_COMMENTS = YES;
				CLANG_WARN_EMPTY_BODY = YES;
				CLANG_WARN_ENUM_CONVERSION = YES;
				CLANG_WARN_INFINITE_RECURSION = YES;
				CLANG_WARN_INT_CONVERSION = YES;
				CLANG_WARN_NON_LITERAL_NULL_CONVERSION = YES;
				CLANG_WARN_OBJC_IMPLICIT_RETAIN_SELF = YES;
				CLANG_WARN_OBJC_LITERAL_CONVERSION = YES;
				CLANG_WARN_OBJC_ROOT_CLASS = YES_ERROR;
				CLANG_WARN_QUOTED_INCLUDE_IN_FRAMEWORK_HEADER = YES;
				CLANG_WARN_RANGE_LOOP_ANALYSIS = YES;
				CLANG_WARN_STRICT_PROTOTYPES = YES;
				CLANG_WARN_SUSPICIOUS_MOVE = YES;
				CLANG_WARN_UNGUARDED_AVAILABILITY = YES_AGGRESSIVE;
				CLANG_WARN_UNREACHABLE_CODE = YES;
				CLANG_WARN__DUPLICATE_METHOD_MATCH = YES;
				CODE_SIGN_STYLE = Automatic;
				COPY_PHASE_STRIP = NO;
				CURRENT_PROJECT_VERSION = 1;
				DEBUG_INFORMATION_FORMAT = "dwarf-with-dsym";
				DEVELOPMENT_TEAM = 9244PWFYD7;
				ENABLE_NS_ASSERTIONS = NO;
				ENABLE_STRICT_OBJC_MSGSEND = YES;
				ENABLE_USER_SCRIPT_SANDBOXING = YES;
				GCC_C_LANGUAGE_STANDARD = gnu11;
				GCC_NO_COMMON_BLOCKS = YES;
				GCC_WARN_64_TO_32_BIT_CONVERSION = YES;
				GCC_WARN_ABOUT_RETURN_TYPE = YES_ERROR;
				GCC_WARN_UNDECLARED_SELECTOR = YES;
				GCC_WARN_UNINITIALIZED_AUTOS = YES_AGGRESSIVE;
				GCC_WARN_UNUSED_FUNCTION = YES;
				GCC_WARN_UNUSED_VARIABLE = YES;
				GENERATE_INFOPLIST_FILE = YES;
				IPHONEOS_DEPLOYMENT_TARGET = 17.0;
				MARKETING_VERSION = 0.1.0;
				MTL_ENABLE_DEBUG_INFO = NO;
				MTL_FAST_MATH = YES;
				PRODUCT_NAME = "$(TARGET_NAME)";
				SDKROOT = iphoneos;
				SWIFT_COMPILATION_MODE = wholemodule;
				SWIFT_OPTIMIZATION_LEVEL = "-O";
				SWIFT_VERSION = 5.9;
			};
			name = Release;
		};
		B77A5CFF0688DABAA5B79498 /* Debug */ = {
			isa = XCBuildConfiguration;
			buildSettings = {
				ALWAYS_SEARCH_USER_PATHS = NO;
				CLANG_ANALYZER_NONNULL = YES;
				CLANG_ANALYZER_NUMBER_OBJECT_CONVERSION = YES_AGGRESSIVE;
				CLANG_CXX_LANGUAGE_STANDARD = "gnu++14";
				CLANG_CXX_LIBRARY = "libc++";
				CLANG_ENABLE_MODULES = YES;
				CLANG_ENABLE_OBJC_ARC = YES;
				CLANG_ENABLE_OBJC_WEAK = YES;
				CLANG_WARN_BLOCK_CAPTURE_AUTORELEASING = YES;
				CLANG_WARN_BOOL_CONVERSION = YES;
				CLANG_WARN_COMMA = YES;
				CLANG_WARN_CONSTANT_CONVERSION = YES;
				CLANG_WARN_DEPRECATED_OBJC_IMPLEMENTATIONS = YES;
				CLANG_WARN_DIRECT_OBJC_ISA_USAGE = YES_ERROR;
				CLANG_WARN_DOCUMENTATION_COMMENTS = YES;
				CLANG_WARN_EMPTY_BODY = YES;
				CLANG_WARN_ENUM_CONVERSION = YES;
				CLANG_WARN_INFINITE_RECURSION = YES;
				CLANG_WARN_INT_CONVERSION = YES;
				CLANG_WARN_NON_LITERAL_NULL_CONVERSION = YES;
				CLANG_WARN_OBJC_IMPLICIT_RETAIN_SELF = YES;
				CLANG_WARN_OBJC_LITERAL_CONVERSION = YES;
				CLANG_WARN_OBJC_ROOT_CLASS = YES_ERROR;
				CLANG_WARN_QUOTED_INCLUDE_IN_FRAMEWORK_HEADER = YES;
				CLANG_WARN_RANGE_LOOP_ANALYSIS = YES;
				CLANG_WARN_STRICT_PROTOTYPES = YES;
				CLANG_WARN_SUSPICIOUS_MOVE = YES;
				CLANG_WARN_UNGUARDED_AVAILABILITY = YES_AGGRESSIVE;
				CLANG_WARN_UNREACHABLE_CODE = YES;
				CLANG_WARN__DUPLICATE_METHOD_MATCH = YES;
				CODE_SIGN_STYLE = Automatic;
				COPY_PHASE_STRIP = NO;
				CURRENT_PROJECT_VERSION = 1;
				DEBUG_INFORMATION_FORMAT = dwarf;
				DEVELOPMENT_TEAM = 9244PWFYD7;
				ENABLE_STRICT_OBJC_MSGSEND = YES;
				ENABLE_TESTABILITY = YES;
				ENABLE_USER_SCRIPT_SANDBOXING = YES;
				GCC_C_LANGUAGE_STANDARD = gnu11;
				GCC_DYNAMIC_NO_PIC = NO;
				GCC_NO_COMMON_BLOCKS = YES;
				GCC_OPTIMIZATION_LEVEL = 0;
				GCC_PREPROCESSOR_DEFINITIONS = (
					"$(inherited)",
					"DEBUG=1",
				);
				GCC_WARN_64_TO_32_BIT_CONVERSION = YES;
				GCC_WARN_ABOUT_RETURN_TYPE = YES_ERROR;
				GCC_WARN_UNDECLARED_SELECTOR = YES;
				GCC_WARN_UNINITIALIZED_AUTOS = YES_AGGRESSIVE;
				GCC_WARN_UNUSED_FUNCTION = YES;
				GCC_WARN_UNUSED_VARIABLE = YES;
				GENERATE_INFOPLIST_FILE = YES;
				IPHONEOS_DEPLOYMENT_TARGET = 17.0;
				MARKETING_VERSION = 0.1.0;
				MTL_ENABLE_DEBUG_INFO = INCLUDE_SOURCE;
				MTL_FAST_MATH = YES;
				ONLY_ACTIVE_ARCH = YES;
				PRODUCT_NAME = "$(TARGET_NAME)";
				SDKROOT = iphoneos;
				SWIFT_ACTIVE_COMPILATION_CONDITIONS = DEBUG;
				SWIFT_OPTIMIZATION_LEVEL = "-Onone";
				SWIFT_VERSION = 5.9;
			};
			name = Debug;
		};
		E8951E4F8E2109641F502D54 /* Release */ = {
			isa = XCBuildConfiguration;
			buildSettings = {
				BUNDLE_LOADER = "$(TEST_HOST)";
				GENERATE_INFOPLIST_FILE = YES;
				LD_RUNPATH_SEARCH_PATHS = (
					"$(inherited)",
					"@executable_path/Frameworks",
					"@loader_path/Frameworks",
				);
				PRODUCT_BUNDLE_IDENTIFIER = com.corral.fleetnotifier.tests;
				SDKROOT = iphoneos;
				TARGETED_DEVICE_FAMILY = "1,2";
				TEST_HOST = "$(BUILT_PRODUCTS_DIR)/FleetNotifier.app/FleetNotifier";
			};
			name = Release;
		};
/* End XCBuildConfiguration section */

/* Begin XCConfigurationList section */
		2EC28EE12DF4C35F31AD80D4 /* Build configuration list for PBXProject "FleetNotifier" */ = {
			isa = XCConfigurationList;
			buildConfigurations = (
				B77A5CFF0688DABAA5B79498 /* Debug */,
				AAC4264F754707221B0B4667 /* Release */,
			);
			defaultConfigurationIsVisible = 0;
			defaultConfigurationName = Debug;
		};
		336005E97AE4AE2F281CFEF9 /* Build configuration list for PBXNativeTarget "FleetNotifier" */ = {
			isa = XCConfigurationList;
			buildConfigurations = (
				38A5E46A8C2B5C9A145F271E /* Debug */,
				7F3AD32ECE65F2E00367288E /* Release */,
			);
			defaultConfigurationIsVisible = 0;
			defaultConfigurationName = Debug;
		};
		F65A5933BF9ECD17FFF304B5 /* Build configuration list for PBXNativeTarget "FleetNotifierTests" */ = {
			isa = XCConfigurationList;
			buildConfigurations = (
				171D10CE366787221C85C545 /* Debug */,
				E8951E4F8E2109641F502D54 /* Release */,
			);
			defaultConfigurationIsVisible = 0;
			defaultConfigurationName = Debug;
		};
/* End XCConfigurationList section */
	};
	rootObject = 32FDEBCD6A0858FFC02D5E44 /* Project object */;
}
